// !$*UTF8*$!
{
	archiveVersion = 1;
	classes = {
	};
	objectVersion = 46;
	objects = {

/* Begin PBXBuildFile section */
		6034ACBA1EBEA9AF009905C2 /* AppDelegate.swift in Sources */ = {isa = PBXBuildFile; fileRef = 6034ACB91EBEA9AE009905C2 /* AppDelegate.swift */; };
		6034ACBC1EBEA9AF009905C2 /* ViewController.swift in Sources */ = {isa = PBXBuildFile; fileRef = 6034ACBB1EBEA9AF009905C2 /* ViewController.swift */; };
		6034ACBF1EBEA9B0009905C2 /* Main.storyboard in Resources */ = {isa = PBXBuildFile; fileRef = 6034ACBD1EBEA9B0009905C2 /* Main.storyboard */; };
		6034ACC11EBEA9B0009905C2 /* Assets.xcassets in Resources */ = {isa = PBXBuildFile; fileRef = 6034ACC01EBEA9B0009905C2 /* Assets.xcassets */; };
		6034ACC41EBEA9B0009905C2 /* LaunchScreen.storyboard in Resources */ = {isa = PBXBuildFile; fileRef = 6034ACC21EBEA9B0009905C2 /* LaunchScreen.storyboard */; };
		6034ACCF1EBEA9B2009905C2 /* ManageStudentTests.swift in Sources */ = {isa = PBXBuildFile; fileRef = 6034ACCE1EBEA9B2009905C2 /* ManageStudentTests.swift */; };
		6034ACDA1EBEA9B2009905C2 /* ManageStudentUITests.swift in Sources */ = {isa = PBXBuildFile; fileRef = 6034ACD91EBEA9B2009905C2 /* ManageStudentUITests.swift */; };
		6034ACE81EBEAA86009905C2 /* Student.swift in Sources */ = {isa = PBXBuildFile; fileRef = 6034ACE71EBEAA86009905C2 /* Student.swift */; };
		6034ACEA1EBEB13B009905C2 /* StudentTableViewCell.swift in Sources */ = {isa = PBXBuildFile; fileRef = 6034ACE91EBEB13B009905C2 /* StudentTableViewCell.swift */; };
		6038BE3C1EBEC7A2001D4E74 /* StudentDetailViewController.swift in Sources */ = {isa = PBXBuildFile; fileRef = 6038BE3B1EBEC7A2001D4E74 /* StudentDetailViewController.swift */; };
		6038BE3E1EBED09D001D4E74 /* StudentTableViewController.swift in Sources */ = {isa = PBXBuildFile; fileRef = 6038BE3D1EBED09D001D4E74 /* StudentTableViewController.swift */; };
		6038BE401EBEEFF0001D4E74 /* NewStudentViewController.swift in Sources */ = {isa = PBXBuildFile; fileRef = 6038BE3F1EBEEFEF001D4E74 /* NewStudentViewController.swift */; };
		603CBD3D1EBF8AC9000E5397 /* NewStudent.swift in Sources */ = {isa = PBXBuildFile; fileRef = 603CBD3C1EBF8AC9000E5397 /* NewStudent.swift */; };
/* End PBXBuildFile section */

/* Begin PBXContainerItemProxy section */
		6034ACCB1EBEA9B2009905C2 /* PBXContainerItemProxy */ = {
			isa = PBXContainerItemProxy;
			containerPortal = 6034ACAE1EBEA9AE009905C2 /* Project object */;
			proxyType = 1;
			remoteGlobalIDString = 6034ACB51EBEA9AE009905C2;
			remoteInfo = ManageStudent;
		};
		6034ACD61EBEA9B2009905C2 /* PBXContainerItemProxy */ = {
			isa = PBXContainerItemProxy;
			containerPortal = 6034ACAE1EBEA9AE009905C2 /* Project object */;
			proxyType = 1;
			remoteGlobalIDString = 6034ACB51EBEA9AE009905C2;
			remoteInfo = ManageStudent;
		};
/* End PBXContainerItemProxy section */

/* Begin PBXFileReference section */
		6034ACB61EBEA9AE009905C2 /* ManageStudent.app */ = {isa = PBXFileReference; explicitFileType = wrapper.application; includeInIndex = 0; path = ManageStudent.app; sourceTree = BUILT_PRODUCTS_DIR; };
		6034ACB91EBEA9AE009905C2 /* AppDelegate.swift */ = {isa = PBXFileReference; lastKnownFileType = sourcecode.swift; path = AppDelegate.swift; sourceTree = "<group>"; };
		6034ACBB1EBEA9AF009905C2 /* ViewController.swift */ = {isa = PBXFileReference; lastKnownFileType = sourcecode.swift; path = ViewController.swift; sourceTree = "<group>"; };
		6034ACBE1EBEA9B0009905C2 /* Base */ = {isa = PBXFileReference; lastKnownFileType = file.storyboard; name = Base; path = Base.lproj/Main.storyboard; sourceTree = "<group>"; };
		6034ACC01EBEA9B0009905C2 /* Assets.xcassets */ = {isa = PBXFileReference; lastKnownFileType = folder.assetcatalog; path = Assets.xcassets; sourceTree = "<group>"; };
		6034ACC31EBEA9B0009905C2 /* Base */ = {isa = PBXFileReference; lastKnownFileType = file.storyboard; name = Base; path = Base.lproj/LaunchScreen.storyboard; sourceTree = "<group>"; };
		6034ACC51EBEA9B0009905C2 /* Info.plist */ = {isa = PBXFileReference; lastKnownFileType = text.plist.xml; path = Info.plist; sourceTree = "<group>"; };
		6034ACCA1EBEA9B2009905C2 /* ManageStudentTests.xctest */ = {isa = PBXFileReference; explicitFileType = wrapper.cfbundle; includeInIndex = 0; path = ManageStudentTests.xctest; sourceTree = BUILT_PRODUCTS_DIR; };
		6034ACCE1EBEA9B2009905C2 /* ManageStudentTests.swift */ = {isa = PBXFileReference; lastKnownFileType = sourcecode.swift; path = ManageStudentTests.swift; sourceTree = "<group>"; };
		6034ACD01EBEA9B2009905C2 /* Info.plist */ = {isa = PBXFileReference; lastKnownFileType = text.plist.xml; path = Info.plist; sourceTree = "<group>"; };
		6034ACD51EBEA9B2009905C2 /* ManageStudentUITests.xctest */ = {isa = PBXFileReference; explicitFileType = wrapper.cfbundle; includeInIndex = 0; path = ManageStudentUITests.xctest; sourceTree = BUILT_PRODUCTS_DIR; };
		6034ACD91EBEA9B2009905C2 /* ManageStudentUITests.swift */ = {isa = PBXFileReference; lastKnownFileType = sourcecode.swift; path = ManageStudentUITests.swift; sourceTree = "<group>"; };
		6034ACDB1EBEA9B2009905C2 /* Info.plist */ = {isa = PBXFileReference; lastKnownFileType = text.plist.xml; path = Info.plist; sourceTree = "<group>"; };
		6034ACE71EBEAA86009905C2 /* Student.swift */ = {isa = PBXFileReference; fileEncoding = 4; lastKnownFileType = sourcecode.swift; path = Student.swift; sourceTree = "<group>"; };
		6034ACE91EBEB13B009905C2 /* StudentTableViewCell.swift */ = {isa = PBXFileReference; fileEncoding = 4; lastKnownFileType = sourcecode.swift; path = StudentTableViewCell.swift; sourceTree = "<group>"; };
		6038BE3B1EBEC7A2001D4E74 /* StudentDetailViewController.swift */ = {isa = PBXFileReference; fileEncoding = 4; lastKnownFileType = sourcecode.swift; path = StudentDetailViewController.swift; sourceTree = "<group>"; };
		6038BE3D1EBED09D001D4E74 /* StudentTableViewController.swift */ = {isa = PBXFileReference; fileEncoding = 4; lastKnownFileType = sourcecode.swift; path = StudentTableViewController.swift; sourceTree = "<group>"; };
		6038BE3F1EBEEFEF001D4E74 /* NewStudentViewController.swift */ = {isa = PBXFileReference; fileEncoding = 4; lastKnownFileType = sourcecode.swift; path = NewStudentViewController.swift; sourceTree = "<group>"; };
		603CBD3C1EBF8AC9000E5397 /* NewStudent.swift */ = {isa = PBXFileReference; fileEncoding = 4; lastKnownFileType = sourcecode.swift; path = NewStudent.swift; sourceTree = "<group>"; };
/* End PBXFileReference section */

/* Begin PBXFrameworksBuildPhase section */
		6034ACB31EBEA9AE009905C2 /* Frameworks */ = {
			isa = PBXFrameworksBuildPhase;
			buildActionMask = 2147483647;
			files = (
			);
			runOnlyForDeploymentPostprocessing = 0;
		};
		6034ACC71EBEA9B2009905C2 /* Frameworks */ = {
			isa = PBXFrameworksBuildPhase;
			buildActionMask = 2147483647;
			files = (
			);
			runOnlyForDeploymentPostprocessing = 0;
		};
		6034ACD21EBEA9B2009905C2 /* Frameworks */ = {
			isa = PBXFrameworksBuildPhase;
			buildActionMask = 2147483647;
			files = (
			);
			runOnlyForDeploymentPostprocessing = 0;
		};
/* End PBXFrameworksBuildPhase section */

/* Begin PBXGroup section */
		6034ACAD1EBEA9AD009905C2 = {
			isa = PBXGroup;
			children = (
				6034ACB81EBEA9AE009905C2 /* ManageStudent */,
				6034ACCD1EBEA9B2009905C2 /* ManageStudentTests */,
				6034ACD81EBEA9B2009905C2 /* ManageStudentUITests */,
				6034ACB71EBEA9AE009905C2 /* Products */,
			);
			sourceTree = "<group>";
		};
		6034ACB71EBEA9AE009905C2 /* Products */ = {
			isa = PBXGroup;
			children = (
				6034ACB61EBEA9AE009905C2 /* ManageStudent.app */,
				6034ACCA1EBEA9B2009905C2 /* ManageStudentTests.xctest */,
				6034ACD51EBEA9B2009905C2 /* ManageStudentUITests.xctest */,
			);
			name = Products;
			sourceTree = "<group>";
		};
		6034ACB81EBEA9AE009905C2 /* ManageStudent */ = {
			isa = PBXGroup;
			children = (
				6034ACB91EBEA9AE009905C2 /* AppDelegate.swift */,
				6034ACBB1EBEA9AF009905C2 /* ViewController.swift */,
				6038BE3D1EBED09D001D4E74 /* StudentTableViewController.swift */,
				6034ACBD1EBEA9B0009905C2 /* Main.storyboard */,
				6038BE3F1EBEEFEF001D4E74 /* NewStudentViewController.swift */,
				6038BE3B1EBEC7A2001D4E74 /* StudentDetailViewController.swift */,
				6034ACE91EBEB13B009905C2 /* StudentTableViewCell.swift */,
				6034ACC01EBEA9B0009905C2 /* Assets.xcassets */,
				6034ACC21EBEA9B0009905C2 /* LaunchScreen.storyboard */,
				6034ACC51EBEA9B0009905C2 /* Info.plist */,
				6034ACE71EBEAA86009905C2 /* Student.swift */,
				603CBD3C1EBF8AC9000E5397 /* NewStudent.swift */,
			);
			path = ManageStudent;
			sourceTree = "<group>";
		};
		6034ACCD1EBEA9B2009905C2 /* ManageStudentTests */ = {
			isa = PBXGroup;
			children = (
				6034ACCE1EBEA9B2009905C2 /* ManageStudentTests.swift */,
				6034ACD01EBEA9B2009905C2 /* Info.plist */,
			);
			path = ManageStudentTests;
			sourceTree = "<group>";
		};
		6034ACD81EBEA9B2009905C2 /* ManageStudentUITests */ = {
			isa = PBXGroup;
			children = (
				6034ACD91EBEA9B2009905C2 /* ManageStudentUITests.swift */,
				6034ACDB1EBEA9B2009905C2 /* Info.plist */,
			);
			path = ManageStudentUITests;
			sourceTree = "<group>";
		};
/* End PBXGroup section */

/* Begin PBXNativeTarget section */
		6034ACB51EBEA9AE009905C2 /* ManageStudent */ = {
			isa = PBXNativeTarget;
			buildConfigurationList = 6034ACDE1EBEA9B2009905C2 /* Build configuration list for PBXNativeTarget "ManageStudent" */;
			buildPhases = (
				6034ACB21EBEA9AE009905C2 /* Sources */,
				6034ACB31EBEA9AE009905C2 /* Frameworks */,
				6034ACB41EBEA9AE009905C2 /* Resources */,
			);
			buildRules = (
			);
			dependencies = (
			);
			name = ManageStudent;
			productName = ManageStudent;
			productReference = 6034ACB61EBEA9AE009905C2 /* ManageStudent.app */;
			productType = "com.apple.product-type.application";
		};
		6034ACC91EBEA9B2009905C2 /* ManageStudentTests */ = {
			isa = PBXNativeTarget;
			buildConfigurationList = 6034ACE11EBEA9B2009905C2 /* Build configuration list for PBXNativeTarget "ManageStudentTests" */;
			buildPhases = (
				6034ACC61EBEA9B2009905C2 /* Sources */,
				6034ACC71EBEA9B2009905C2 /* Frameworks */,
				6034ACC81EBEA9B2009905C2 /* Resources */,
			);
			buildRules = (
			);
			dependencies = (
				6034ACCC1EBEA9B2009905C2 /* PBXTargetDependency */,
			);
			name = ManageStudentTests;
			productName = ManageStudentTests;
			productReference = 6034ACCA1EBEA9B2009905C2 /* ManageStudentTests.xctest */;
			productType = "com.apple.product-type.bundle.unit-test";
		};
		6034ACD41EBEA9B2009905C2 /* ManageStudentUITests */ = {
			isa = PBXNativeTarget;
			buildConfigurationList = 6034ACE41EBEA9B2009905C2 /* Build configuration list for PBXNativeTarget "ManageStudentUITests" */;
			buildPhases = (
				6034ACD11EBEA9B2009905C2 /* Sources */,
				6034ACD21EBEA9B2009905C2 /* Frameworks */,
				6034ACD31EBEA9B2009905C2 /* Resources */,
			);
			buildRules = (
			);
			dependencies = (
				6034ACD71EBEA9B2009905C2 /* PBXTargetDependency */,
			);
			name = ManageStudentUITests;
			productName = ManageStudentUITests;
			productReference = 6034ACD51EBEA9B2009905C2 /* ManageStudentUITests.xctest */;
			productType = "com.apple.product-type.bundle.ui-testing";
		};
/* End PBXNativeTarget section */

/* Begin PBXProject section */
		6034ACAE1EBEA9AE009905C2 /* Project object */ = {
			isa = PBXProject;
			attributes = {
				LastSwiftUpdateCheck = 0830;
				LastUpgradeCheck = 0830;
				ORGANIZATIONNAME = healer;
				TargetAttributes = {
					6034ACB51EBEA9AE009905C2 = {
						CreatedOnToolsVersion = 8.3.1;
						ProvisioningStyle = Automatic;
					};
					6034ACC91EBEA9B2009905C2 = {
						CreatedOnToolsVersion = 8.3.1;
						ProvisioningStyle = Automatic;
						TestTargetID = 6034ACB51EBEA9AE009905C2;
					};
					6034ACD41EBEA9B2009905C2 = {
						CreatedOnToolsVersion = 8.3.1;
						ProvisioningStyle = Automatic;
						TestTargetID = 6034ACB51EBEA9AE009905C2;
					};
				};
			};
			buildConfigurationList = 6034ACB11EBEA9AE009905C2 /* Build configuration list for PBXProject "ManageStudent" */;
			compatibilityVersion = "Xcode 3.2";
			developmentRegion = English;
			hasScannedForEncodings = 0;
			knownRegions = (
				en,
				Base,
			);
			mainGroup = 6034ACAD1EBEA9AD009905C2;
			productRefGroup = 6034ACB71EBEA9AE009905C2 /* Products */;
			projectDirPath = "";
			projectRoot = "";
			targets = (
				6034ACB51EBEA9AE009905C2 /* ManageStudent */,
				6034ACC91EBEA9B2009905C2 /* ManageStudentTests */,
				6034ACD41EBEA9B2009905C2 /* ManageStudentUITests */,
			);
		};
/* End PBXProject section */

/* Begin PBXResourcesBuildPhase section */
		6034ACB41EBEA9AE009905C2 /* Resources */ = {
			isa = PBXResourcesBuildPhase;
			buildActionMask = 2147483647;
			files = (
				6034ACC41EBEA9B0009905C2 /* LaunchScreen.storyboard in Resources */,
				6034ACC11EBEA9B0009905C2 /* Assets.xcassets in Resources */,
				6034ACBF1EBEA9B0009905C2 /* Main.storyboard in Resources */,
			);
			runOnlyForDeploymentPostprocessing = 0;
		};
		6034ACC81EBEA9B2009905C2 /* Resources */ = {
			isa = PBXResourcesBuildPhase;
			buildActionMask = 2147483647;
			files = (
			);
			runOnlyForDeploymentPostprocessing = 0;
		};
		6034ACD31EBEA9B2009905C2 /* Resources */ = {
			isa = PBXResourcesBuildPhase;
			buildActionMask = 2147483647;
			files = (
			);
			runOnlyForDeploymentPostprocessing = 0;
		};
/* End PBXResourcesBuildPhase section */

/* Begin PBXSourcesBuildPhase section */
		6034ACB21EBEA9AE009905C2 /* Sources */ = {
			isa = PBXSourcesBuildPhase;
			buildActionMask = 2147483647;
			files = (
				6034ACBC1EBEA9AF009905C2 /* ViewController.swift in Sources */,
				6034ACE81EBEAA86009905C2 /* Student.swift in Sources */,
				6038BE3E1EBED09D001D4E74 /* StudentTableViewController.swift in Sources */,
				603CBD3D1EBF8AC9000E5397 /* NewStudent.swift in Sources */,
				6038BE3C1EBEC7A2001D4E74 /* StudentDetailViewController.swift in Sources */,
				6038BE401EBEEFF0001D4E74 /* NewStudentViewController.swift in Sources */,
				6034ACBA1EBEA9AF009905C2 /* AppDelegate.swift in Sources */,
				6034ACEA1EBEB13B009905C2 /* StudentTableViewCell.swift in Sources */,
			);
			runOnlyForDeploymentPostprocessing = 0;
		};
		6034ACC61EBEA9B2009905C2 /* Sources */ = {
			isa = PBXSourcesBuildPhase;
			buildActionMask = 2147483647;
			files = (
				6034ACCF1EBEA9B2009905C2 /* ManageStudentTests.swift in Sources */,
			);
			runOnlyForDeploymentPostprocessing = 0;
		};
		6034ACD11EBEA9B2009905C2 /* Sources */ = {
			isa = PBXSourcesBuildPhase;
			buildActionMask = 2147483647;
			files = (
				6034ACDA1EBEA9B2009905C2 /* ManageStudentUITests.swift in Sources */,
			);
			runOnlyForDeploymentPostprocessing = 0;
		};
/* End PBXSourcesBuildPhase section */

/* Begin PBXTargetDependency section */
		6034ACCC1EBEA9B2009905C2 /* PBXTargetDependency */ = {
			isa = PBXTargetDependency;
			target = 6034ACB51EBEA9AE009905C2 /* ManageStudent */;
			targetProxy = 6034ACCB1EBEA9B2009905C2 /* PBXContainerItemProxy */;
		};
		6034ACD71EBEA9B2009905C2 /* PBXTargetDependency */ = {
			isa = PBXTargetDependency;
			target = 6034ACB51EBEA9AE009905C2 /* ManageStudent */;
			targetProxy = 6034ACD61EBEA9B2009905C2 /* PBXContainerItemProxy */;
		};
/* End PBXTargetDependency section */

/* Begin PBXVariantGroup section */
		6034ACBD1EBEA9B0009905C2 /* Main.storyboard */ = {
			isa = PBXVariantGroup;
			children = (
				6034ACBE1EBEA9B0009905C2 /* Base */,
			);
			name = Main.storyboard;
			sourceTree = "<group>";
		};
		6034ACC21EBEA9B0009905C2 /* LaunchScreen.storyboard */ = {
			isa = PBXVariantGroup;
			children = (
				6034ACC31EBEA9B0009905C2 /* Base */,
			);
			name = LaunchScreen.storyboard;
			sourceTree = "<group>";
		};
/* End PBXVariantGroup section */

/* Begin XCBuildConfiguration section */
		6034ACDC1EBEA9B2009905C2 /* Debug */ = {
			isa = XCBuildConfiguration;
			buildSettings = {
				ALWAYS_SEARCH_USER_PATHS = NO;
				CLANG_ANALYZER_NONNULL = YES;
				CLANG_ANALYZER_NUMBER_OBJECT_CONVERSION = YES_AGGRESSIVE;
				CLANG_CXX_LANGUAGE_STANDARD = "gnu++0x";
				CLANG_CXX_LIBRARY = "libc++";
				CLANG_ENABLE_MODULES = YES;
				CLANG_ENABLE_OBJC_ARC = YES;
				CLANG_WARN_BOOL_CONVERSION = YES;
				CLANG_WARN_CONSTANT_CONVERSION = YES;
				CLANG_WARN_DIRECT_OBJC_ISA_USAGE = YES_ERROR;
				CLANG_WARN_DOCUMENTATION_COMMENTS = YES;
				CLANG_WARN_EMPTY_BODY = YES;
				CLANG_WARN_ENUM_CONVERSION = YES;
				CLANG_WARN_INFINITE_RECURSION = YES;
				CLANG_WARN_INT_CONVERSION = YES;
				CLANG_WARN_OBJC_ROOT_CLASS = YES_ERROR;
				CLANG_WARN_SUSPICIOUS_MOVE = YES;
				CLANG_WARN_UNREACHABLE_CODE = YES;
				CLANG_WARN__DUPLICATE_METHOD_MATCH = YES;
				"CODE_SIGN_IDENTITY[sdk=iphoneos*]" = "iPhone Developer";
				COPY_PHASE_STRIP = NO;
				DEBUG_INFORMATION_FORMAT = dwarf;
				ENABLE_STRICT_OBJC_MSGSEND = YES;
				ENABLE_TESTABILITY = YES;
				GCC_C_LANGUAGE_STANDARD = gnu99;
				GCC_DYNAMIC_NO_PIC = NO;
				GCC_NO_COMMON_BLOCKS = YES;
				GCC_OPTIMIZATION_LEVEL = 0;
				GCC_PREPROCESSOR_DEFINITIONS = (
					"DEBUG=1",
					"$(inherited)",
				);
				GCC_WARN_64_TO_32_BIT_CONVERSION = YES;
				GCC_WARN_ABOUT_RETURN_TYPE = YES_ERROR;
				GCC_WARN_UNDECLARED_SELECTOR = YES;
				GCC_WARN_UNINITIALIZED_AUTOS = YES_AGGRESSIVE;
				GCC_WARN_UNUSED_FUNCTION = YES;
				GCC_WARN_UNUSED_VARIABLE = YES;
				IPHONEOS_DEPLOYMENT_TARGET = 10.3;
				MTL_ENABLE_DEBUG_INFO = YES;
				ONLY_ACTIVE_ARCH = YES;
				SDKROOT = iphoneos;
				SWIFT_ACTIVE_COMPILATION_CONDITIONS = DEBUG;
				SWIFT_OPTIMIZATION_LEVEL = "-Onone";
			};
			name = Debug;
		};
		6034ACDD1EBEA9B2009905C2 /* Release */ = {
			isa = XCBuildConfiguration;
			buildSettings = {
				ALWAYS_SEARCH_USER_PATHS = NO;
				CLANG_ANALYZER_NONNULL = YES;
				CLANG_ANALYZER_NUMBER_OBJECT_CONVERSION = YES_AGGRESSIVE;
				CLANG_CXX_LANGUAGE_STANDARD = "gnu++0x";
				CLANG_CXX_LIBRARY = "libc++";
				CLANG_ENABLE_MODULES = YES;
				CLANG_ENABLE_OBJC_ARC = YES;
				CLANG_WARN_BOOL_CONVERSION = YES;
				CLANG_WARN_CONSTANT_CONVERSION = YES;
				CLANG_WARN_DIRECT_OBJC_ISA_USAGE = YES_ERROR;
				CLANG_WARN_DOCUMENTATION_COMMENTS = YES;
				CLANG_WARN_EMPTY_BODY = YES;
				CLANG_WARN_ENUM_CONVERSION = YES;
				CLANG_WARN_INFINITE_RECURSION = YES;
				CLANG_WARN_INT_CONVERSION = YES;
				CLANG_WARN_OBJC_ROOT_CLASS = YES_ERROR;
				CLANG_WARN_SUSPICIOUS_MOVE = YES;
				CLANG_WARN_UNREACHABLE_CODE = YES;
				CLANG_WARN__DUPLICATE_METHOD_MATCH = YES;
				"CODE_SIGN_IDENTITY[sdk=iphoneos*]" = "iPhone Developer";
				COPY_PHASE_STRIP = NO;
				DEBUG_INFORMATION_FORMAT = "dwarf-with-dsym";
				ENABLE_NS_ASSERTIONS = NO;
				ENABLE_STRICT_OBJC_MSGSEND = YES;
				GCC_C_LANGUAGE_STANDARD = gnu99;
				GCC_NO_COMMON_BLOCKS = YES;
				GCC_WARN_64_TO_32_BIT_CONVERSION = YES;
				GCC_WARN_ABOUT_RETURN_TYPE = YES_ERROR;
				GCC_WARN_UNDECLARED_SELECTOR = YES;
				GCC_WARN_UNINITIALIZED_AUTOS = YES_AGGRESSIVE;
				GCC_WARN_UNUSED_FUNCTION = YES;
				GCC_WARN_UNUSED_VARIABLE = YES;
				IPHONEOS_DEPLOYMENT_TARGET = 10.3;
				MTL_ENABLE_DEBUG_INFO = NO;
				SDKROOT = iphoneos;
				SWIFT_OPTIMIZATION_LEVEL = "-Owholemodule";
				VALIDATE_PRODUCT = YES;
			};
			name = Release;
		};
		6034ACDF1EBEA9B2009905C2 /* Debug */ = {
			isa = XCBuildConfiguration;
			buildSettings = {
				ASSETCATALOG_COMPILER_APPICON_NAME = AppIcon;
				INFOPLIST_FILE = ManageStudent/Info.plist;
				LD_RUNPATH_SEARCH_PATHS = "$(inherited) @executable_path/Frameworks";
				PRODUCT_BUNDLE_IDENTIFIER = com.healer.ManageStudent;
				PRODUCT_NAME = "$(TARGET_NAME)";
				SWIFT_VERSION = 3.0;
			};
			name = Debug;
		};
		6034ACE01EBEA9B2009905C2 /* Release */ = {
			isa = XCBuildConfiguration;
			buildSettings = {
				ASSETCATALOG_COMPILER_APPICON_NAME = AppIcon;
				INFOPLIST_FILE = ManageStudent/Info.plist;
				LD_RUNPATH_SEARCH_PATHS = "$(inherited) @executable_path/Frameworks";
				PRODUCT_BUNDLE_IDENTIFIER = com.healer.ManageStudent;
				PRODUCT_NAME = "$(TARGET_NAME)";
				SWIFT_VERSION = 3.0;
			};
			name = Release;
		};
		6034ACE21EBEA9B2009905C2 /* Debug */ = {
			isa = XCBuildConfiguration;
			buildSettings = {
				ALWAYS_EMBED_SWIFT_STANDARD_LIBRARIES = YES;
				BUNDLE_LOADER = "$(TEST_HOST)";
				INFOPLIST_FILE = ManageStudentTests/Info.plist;
				LD_RUNPATH_SEARCH_PATHS = "$(inherited) @executable_path/Frameworks @loader_path/Frameworks";
				PRODUCT_BUNDLE_IDENTIFIER = com.healer.ManageStudentTests;
				PRODUCT_NAME = "$(TARGET_NAME)";
				SWIFT_VERSION = 3.0;
				TEST_HOST = "$(BUILT_PRODUCTS_DIR)/ManageStudent.app/ManageStudent";
			};
			name = Debug;
		};
		6034ACE31EBEA9B2009905C2 /* Release */ = {
			isa = XCBuildConfiguration;
			buildSettings = {
				ALWAYS_EMBED_SWIFT_STANDARD_LIBRARIES = YES;
				BUNDLE_LOADER = "$(TEST_HOST)";
				INFOPLIST_FILE = ManageStudentTests/Info.plist;
				LD_RUNPATH_SEARCH_PATHS = "$(inherited) @executable_path/Frameworks @loader_path/Frameworks";
				PRODUCT_BUNDLE_IDENTIFIER = com.healer.ManageStudentTests;
				PRODUCT_NAME = "$(TARGET_NAME)";
				SWIFT_VERSION = 3.0;
				TEST_HOST = "$(BUILT_PRODUCTS_DIR)/ManageStudent.app/ManageStudent";
			};
			name = Release;
		};
		6034ACE51EBEA9B2009905C2 /* Debug */ = {
			isa = XCBuildConfiguration;
			buildSettings = {
				ALWAYS_EMBED_SWIFT_STANDARD_LIBRARIES = YES;
				INFOPLIST_FILE = ManageStudentUITests/Info.plist;
				LD_RUNPATH_SEARCH_PATHS = "$(inherited) @executable_path/Frameworks @loader_path/Frameworks";
				PRODUCT_BUNDLE_IDENTIFIER = com.healer.ManageStudentUITests;
				PRODUCT_NAME = "$(TARGET_NAME)";
				SWIFT_VERSION = 3.0;
				TEST_TARGET_NAME = ManageStudent;
			};
			name = Debug;
		};
		6034ACE61EBEA9B2009905C2 /* Release */ = {
			isa = XCBuildConfiguration;
			buildSettings = {
				ALWAYS_EMBED_SWIFT_STANDARD_LIBRARIES = YES;
				INFOPLIST_FILE = ManageStudentUITests/Info.plist;
				LD_RUNPATH_SEARCH_PATHS = "$(inherited) @executable_path/Frameworks @loader_path/Frameworks";
				PRODUCT_BUNDLE_IDENTIFIER = com.healer.ManageStudentUITests;
				PRODUCT_NAME = "$(TARGET_NAME)";
				SWIFT_VERSION = 3.0;
				TEST_TARGET_NAME = ManageStudent;
			};
			name = Release;
		};
/* End XCBuildConfiguration section */

/* Begin XCConfigurationList section */
		6034ACB11EBEA9AE009905C2 /* Build configuration list for PBXProject "ManageStudent" */ = {
			isa = XCConfigurationList;
			buildConfigurations = (
				6034ACDC1EBEA9B2009905C2 /* Debug */,
				6034ACDD1EBEA9B2009905C2 /* Release */,
			);
			defaultConfigurationIsVisible = 0;
			defaultConfigurationName = Release;
		};
		6034ACDE1EBEA9B2009905C2 /* Build configuration list for PBXNativeTarget "ManageStudent" */ = {
			isa = XCConfigurationList;
			buildConfigurations = (
				6034ACDF1EBEA9B2009905C2 /* Debug */,
				6034ACE01EBEA9B2009905C2 /* Release */,
			);
			defaultConfigurationIsVisible = 0;
			defaultConfigurationName = Release;
		};
		6034ACE11EBEA9B2009905C2 /* Build configuration list for PBXNativeTarget "ManageStudentTests" */ = {
			isa = XCConfigurationList;
			buildConfigurations = (
				6034ACE21EBEA9B2009905C2 /* Debug */,
				6034ACE31EBEA9B2009905C2 /* Release */,
			);
			defaultConfigurationIsVisible = 0;
			defaultConfigurationName = Release;
		};
		6034ACE41EBEA9B2009905C2 /* Build configuration list for PBXNativeTarget "ManageStudentUITests" */ = {
			isa = XCConfigurationList;
			buildConfigurations = (
				6034ACE51EBEA9B2009905C2 /* Debug */,
				6034ACE61EBEA9B2009905C2 /* Release */,
			);
			defaultConfigurationIsVisible = 0;
			defaultConfigurationName = Release;
		};
/* End XCConfigurationList section */
	};
	rootObject = 6034ACAE1EBEA9AE009905C2 /* Project object */;
}
